
Microsoft Visual Studio Solution File, Format Version 12.00
# Visual Studio Version 17
VisualStudioVersion = 17.13.35931.197 d17.13
MinimumVisualStudioVersion = 10.0.40219.1
Project("{FAE04EC0-301F-11D3-BF4B-00C04F79EFBC}") = "ManyWhoCan", "ManyWhoCan\ManyWhoCan.csproj", "{4DB003DA-B35B-4EAB-A410-F627427A1F09}"
EndProject
Global
	GlobalSection(SolutionConfigurationPlatforms) = preSolution
		Debug|Any CPU = Debug|Any CPU
		Release|Any CPU = Release|Any CPU
	EndGlobalSection
	GlobalSection(ProjectConfigurationPlatforms) = postSolution
		{4DB003DA-B35B-4EAB-A410-F627427A1F09}.Debug|Any CPU.ActiveCfg = Debug|Any CPU
		{4DB003DA-B35B-4EAB-A410-F627427A1F09}.Debug|Any CPU.Build.0 = Debug|Any CPU
		{4DB003DA-B35B-4EAB-A410-F627427A1F09}.Release|Any CPU.ActiveCfg = Release|Any CPU
		{4DB003DA-B35B-4EAB-A410-F627427A1F09}.Release|Any CPU.Build.0 = Release|Any CPU
	EndGlobalSection
	GlobalSection(SolutionProperties) = preSolution
		HideSolutionNode = FALSE
	EndGlobalSection
	GlobalSection(ExtensibilityGlobals) = postSolution
		SolutionGuid = {E530288F-1FA7-4284-ABEE-5C1A31EC850E}
	EndGlobalSection
EndGlobal
